
Microsoft Visual Studio Solution File, Format Version 12.00
# Visual Studio Version 17
VisualStudioVersion = 17.8.34525.116
MinimumVisualStudioVersion = 10.0.40219.1
Project("{FAE04EC0-301F-11D3-BF4B-00C04F79EFBC}") = "Week8EpicGame", "Week8EpicGame\Week8EpicGame.csproj", "{80B22150-04BA-449E-9FB3-17F856B27703}"
EndProject
Project("{FAE04EC0-301F-11D3-BF4B-00C04F79EFBC}") = "N8TK3", "N8TK3\N8TK3.csproj", "{6920D933-7520-4ACC-BEBA-669A4D41CAC4}"
EndProject
Project("{FAE04EC0-301F-11D3-BF4B-00C04F79EFBC}") = "N8TK4", "N8TK4\N8TK4.csproj", "{92F81D8F-FC27-44EB-9D05-CEB51F934E83}"
EndProject
Project("{FAE04EC0-301F-11D3-BF4B-00C04F79EFBC}") = "N8TK5", "N8TK5\N8TK5.csproj", "{8E3D85CD-F863-45E2-B3E0-898761D2D4AB}"
EndProject
Project("{FAE04EC0-301F-11D3-BF4B-00C04F79EFBC}") = "N8TK51", "..\N8TK51\N8TK51.csproj", "{4AD25F1F-1890-48BB-83C9-7FA3A4C21354}"
EndProject
Project("{FAE04EC0-301F-11D3-BF4B-00C04F79EFBC}") = "N8TK52", "..\N8TK52\N8TK52.csproj", "{D0B47FFA-574F-4BD3-8F76-068333ABCED6}"
EndProject
Project("{FAE04EC0-301F-11D3-BF4B-00C04F79EFBC}") = "N8TK1", "..\N8TK1\N8TK1.csproj", "{9F44887A-6140-4E18-B625-B36061644FCA}"
EndProject
Project("{FAE04EC0-301F-11D3-BF4B-00C04F79EFBC}") = "N8TK21", "..\N8TK21\N8TK21.csproj", "{B7273FAF-3269-4C59-8963-144395A5D0CC}"
EndProject
Global
	GlobalSection(SolutionConfigurationPlatforms) = preSolution
		Debug|Any CPU = Debug|Any CPU
		Release|Any CPU = Release|Any CPU
	EndGlobalSection
	GlobalSection(ProjectConfigurationPlatforms) = postSolution
		{80B22150-04BA-449E-9FB3-17F856B27703}.Debug|Any CPU.ActiveCfg = Debug|Any CPU
		{80B22150-04BA-449E-9FB3-17F856B27703}.Debug|Any CPU.Build.0 = Debug|Any CPU
		{80B22150-04BA-449E-9FB3-17F856B27703}.Release|Any CPU.ActiveCfg = Release|Any CPU
		{80B22150-04BA-449E-9FB3-17F856B27703}.Release|Any CPU.Build.0 = Release|Any CPU
		{6920D933-7520-4ACC-BEBA-669A4D41CAC4}.Debug|Any CPU.ActiveCfg = Debug|Any CPU
		{6920D933-7520-4ACC-BEBA-669A4D41CAC4}.Debug|Any CPU.Build.0 = Debug|Any CPU
		{6920D933-7520-4ACC-BEBA-669A4D41CAC4}.Release|Any CPU.ActiveCfg = Release|Any CPU
		{6920D933-7520-4ACC-BEBA-669A4D41CAC4}.Release|Any CPU.Build.0 = Release|Any CPU
		{92F81D8F-FC27-44EB-9D05-CEB51F934E83}.Debug|Any CPU.ActiveCfg = Debug|Any CPU
		{92F81D8F-FC27-44EB-9D05-CEB51F934E83}.Debug|Any CPU.Build.0 = Debug|Any CPU
		{92F81D8F-FC27-44EB-9D05-CEB51F934E83}.Release|Any CPU.ActiveCfg = Release|Any CPU
		{92F81D8F-FC27-44EB-9D05-CEB51F934E83}.Release|Any CPU.Build.0 = Release|Any CPU
		{8E3D85CD-F863-45E2-B3E0-898761D2D4AB}.Debug|Any CPU.ActiveCfg = Debug|Any CPU
		{8E3D85CD-F863-45E2-B3E0-898761D2D4AB}.Debug|Any CPU.Build.0 = Debug|Any CPU
		{8E3D85CD-F863-45E2-B3E0-898761D2D4AB}.Release|Any CPU.ActiveCfg = Release|Any CPU
		{8E3D85CD-F863-45E2-B3E0-898761D2D4AB}.Release|Any CPU.Build.0 = Release|Any CPU
		{4AD25F1F-1890-48BB-83C9-7FA3A4C21354}.Debug|Any CPU.ActiveCfg = Debug|Any CPU
		{4AD25F1F-1890-48BB-83C9-7FA3A4C21354}.Debug|Any CPU.Build.0 = Debug|Any CPU
		{4AD25F1F-1890-48BB-83C9-7FA3A4C21354}.Release|Any CPU.ActiveCfg = Release|Any CPU
		{4AD25F1F-1890-48BB-83C9-7FA3A4C21354}.Release|Any CPU.Build.0 = Release|Any CPU
		{D0B47FFA-574F-4BD3-8F76-068333ABCED6}.Debug|Any CPU.ActiveCfg = Debug|Any CPU
		{D0B47FFA-574F-4BD3-8F76-068333ABCED6}.Debug|Any CPU.Build.0 = Debug|Any CPU
		{D0B47FFA-574F-4BD3-8F76-068333ABCED6}.Release|Any CPU.ActiveCfg = Release|Any CPU
		{D0B47FFA-574F-4BD3-8F76-068333ABCED6}.Release|Any CPU.Build.0 = Release|Any CPU
		{9F44887A-6140-4E18-B625-B36061644FCA}.Debug|Any CPU.ActiveCfg = Debug|Any CPU
		{9F44887A-6140-4E18-B625-B36061644FCA}.Debug|Any CPU.Build.0 = Debug|Any CPU
		{9F44887A-6140-4E18-B625-B36061644FCA}.Release|Any CPU.ActiveCfg = Release|Any CPU
		{9F44887A-6140-4E18-B625-B36061644FCA}.Release|Any CPU.Build.0 = Release|Any CPU
		{B7273FAF-3269-4C59-8963-144395A5D0CC}.Debug|Any CPU.ActiveCfg = Debug|Any CPU
		{B7273FAF-3269-4C59-8963-144395A5D0CC}.Debug|Any CPU.Build.0 = Debug|Any CPU
		{B7273FAF-3269-4C59-8963-144395A5D0CC}.Release|Any CPU.ActiveCfg = Release|Any CPU
		{B7273FAF-3269-4C59-8963-144395A5D0CC}.Release|Any CPU.Build.0 = Release|Any CPU
	EndGlobalSection
	GlobalSection(SolutionProperties) = preSolution
		HideSolutionNode = FALSE
	EndGlobalSection
	GlobalSection(ExtensibilityGlobals) = postSolution
		SolutionGuid = {61942E55-7BBD-4A47-874E-4C9CA0B28E53}
	EndGlobalSection
EndGlobal
